<?xml version="1.0" encoding="utf-8"?>
<Project ToolsVersion="4.0" xmlns="http://schemas.microsoft.com/developer/msbuild/2003">
  <ItemGroup>
    <Filter Include="Source Files">
      <UniqueIdentifier>{4FC737F1-C7A5-4376-A066-2A32D752A2FF}</UniqueIdentifier>
      <Extensions>cpp;c;cc;cxx;def;odl;idl;hpj;bat;asm;asmx</Extensions>
    </Filter>
    <Filter Include="Header Files">
      <UniqueIdentifier>{93995380-89BD-4b04-88EB-625FBE52EBFB}</UniqueIdentifier>
      <Extensions>h;hpp;hxx;hm;inl;inc;xsd</Extensions>
    </Filter>
    <Filter Include="Resource Files">
      <UniqueIdentifier>{67DA6AB6-F800-4c08-8B7A-83BB121AAD01}</UniqueIdentifier>
      <Extensions>rc;ico;cur;bmp;dlg;rc2;rct;bin;rgs;gif;jpg;jpeg;jpe;resx;tiff;tif;png;wav;mfcribbon-ms</Extensions>
    </Filter>
  </ItemGroup>
  <ItemGroup>
    <None Include="ReadMe.txt" />
  </ItemGroup>
  <ItemGroup>
    <ClInclude Include="include\editor\LonelyControlViewManager.h">
      <Filter>Header Files</Filter>
    </ClInclude>
    <ClInclude Include="include\editor\LonelyEditor.h">
      <Filter>Header Files</Filter>
    </ClInclude>
    <ClInclude Include="include\editor\LonelyLevelEditor.h">
      <Filter>Header Files</Filter>
    </ClInclude>
    <ClInclude Include="include\editor\LonelyLevelView.h">
      <Filter>Header Files</Filter>
    </ClInclude>
    <ClInclude Include="include\editor\LonelyLevelViewManager.h">
      <Filter>Header Files</Filter>
    </ClInclude>
    <ClInclude Include="include\editor\LonelyMetatileCache.h">
      <Filter>Header Files</Filter>
    </ClInclude>
    <ClInclude Include="include\editor\LonelyMetatileCacheSet.h">
      <Filter>Header Files</Filter>
    </ClInclude>
    <ClInclude Include="include\exception\ColorOutOfRangeException.h">
      <Filter>Header Files</Filter>
    </ClInclude>
    <ClInclude Include="include\exception\FileException.h">
      <Filter>Header Files</Filter>
    </ClInclude>
    <ClInclude Include="include\exception\FileNotFoundException.h">
      <Filter>Header Files</Filter>
    </ClInclude>
    <ClInclude Include="include\exception\InvalidFileException.h">
      <Filter>Header Files</Filter>
    </ClInclude>
    <ClInclude Include="include\exception\InvalidLoadDataException.h">
      <Filter>Header Files</Filter>
    </ClInclude>
    <ClInclude Include="include\exception\NotEnoughSpaceException.h">
      <Filter>Header Files</Filter>
    </ClInclude>
    <ClInclude Include="include\exception\OutOfRangeIndexException.h">
      <Filter>Header Files</Filter>
    </ClInclude>
    <ClInclude Include="include\exception\PoppedEmptyStackException.h">
      <Filter>Header Files</Filter>
    </ClInclude>
    <ClInclude Include="include\exception\TalesException.h">
      <Filter>Header Files</Filter>
    </ClInclude>
    <ClInclude Include="include\exception\TGenericException.h">
      <Filter>Header Files</Filter>
    </ClInclude>
    <ClInclude Include="include\exception\TmapKeyNotFoundException.h">
      <Filter>Header Files</Filter>
    </ClInclude>
    <ClInclude Include="include\exception\UnrecognizedVersionException.h">
      <Filter>Header Files</Filter>
    </ClInclude>
    <ClInclude Include="include\gamedata\LaylaArea.h">
      <Filter>Header Files</Filter>
    </ClInclude>
    <ClInclude Include="include\gamedata\LaylaBoss.h">
      <Filter>Header Files</Filter>
    </ClInclude>
    <ClInclude Include="include\gamedata\LaylaData.h">
      <Filter>Header Files</Filter>
    </ClInclude>
    <ClInclude Include="include\gamedata\LaylaFullPalettePatch.h">
      <Filter>Header Files</Filter>
    </ClInclude>
    <ClInclude Include="include\gamedata\LaylaGraphics.h">
      <Filter>Header Files</Filter>
    </ClInclude>
    <ClInclude Include="include\gamedata\LaylaHacks.h">
      <Filter>Header Files</Filter>
    </ClInclude>
    <ClInclude Include="include\gamedata\LaylaHpArray.h">
      <Filter>Header Files</Filter>
    </ClInclude>
    <ClInclude Include="include\gamedata\LaylaLevel.h">
      <Filter>Header Files</Filter>
    </ClInclude>
    <ClInclude Include="include\gamedata\LaylaLevelSet.h">
      <Filter>Header Files</Filter>
    </ClInclude>
    <ClInclude Include="include\gamedata\LaylaMetatile.h">
      <Filter>Header Files</Filter>
    </ClInclude>
    <ClInclude Include="include\gamedata\LaylaMetatileBehavior.h">
      <Filter>Header Files</Filter>
    </ClInclude>
    <ClInclude Include="include\gamedata\LaylaMetatileSet.h">
      <Filter>Header Files</Filter>
    </ClInclude>
    <ClInclude Include="include\gamedata\LaylaObjectPatternTable.h">
      <Filter>Header Files</Filter>
    </ClInclude>
    <ClInclude Include="include\gamedata\LaylaObjectPatternToken.h">
      <Filter>Header Files</Filter>
    </ClInclude>
    <ClInclude Include="include\gamedata\LaylaObjectScoreArray.h">
      <Filter>Header Files</Filter>
    </ClInclude>
    <ClInclude Include="include\gamedata\LaylaObjectSets.h">
      <Filter>Header Files</Filter>
    </ClInclude>
    <ClInclude Include="include\gamedata\LaylaOffsetFile.h">
      <Filter>Header Files</Filter>
    </ClInclude>
    <ClInclude Include="include\gamedata\LaylaPalettePatch.h">
      <Filter>Header Files</Filter>
    </ClInclude>
    <ClInclude Include="include\gamedata\LaylaPalettes.h">
      <Filter>Header Files</Filter>
    </ClInclude>
    <ClInclude Include="include\gamedata\LaylaPattern.h">
      <Filter>Header Files</Filter>
    </ClInclude>
    <ClInclude Include="include\gamedata\LaylaPatternDefinitionTable.h">
      <Filter>Header Files</Filter>
    </ClInclude>
    <ClInclude Include="include\gamedata\LaylaPatternToken.h">
      <Filter>Header Files</Filter>
    </ClInclude>
    <ClInclude Include="include\gamedata\LaylaStaticMetatiles.h">
      <Filter>Header Files</Filter>
    </ClInclude>
    <ClInclude Include="include\gamedata\LaylaStaticMetatileSet.h">
      <Filter>Header Files</Filter>
    </ClInclude>
    <ClInclude Include="include\gamedata\LaylaVulnerabilityArray.h">
      <Filter>Header Files</Filter>
    </ClInclude>
    <ClInclude Include="include\gamedata\LaylaVulnerabilityFlag.h">
      <Filter>Header Files</Filter>
    </ClInclude>
    <ClInclude Include="include\gamedata\LonelyLaylaMapping.h">
      <Filter>Header Files</Filter>
    </ClInclude>
    <ClInclude Include="include\gamedata\LonelyLaylaMappings.h">
      <Filter>Header Files</Filter>
    </ClInclude>
    <ClInclude Include="include\gamedata\LonelyLaylaObject.h">
      <Filter>Header Files</Filter>
    </ClInclude>
    <ClInclude Include="include\gamegear\GGColor.h">
      <Filter>Header Files</Filter>
    </ClInclude>
    <ClInclude Include="include\gamegear\GGFullTileSet.h">
      <Filter>Header Files</Filter>
    </ClInclude>
    <ClInclude Include="include\gamegear\GGPalette.h">
      <Filter>Header Files</Filter>
    </ClInclude>
    <ClInclude Include="include\gamegear\GGTile.h">
      <Filter>Header Files</Filter>
    </ClInclude>
    <ClInclude Include="include\gamegear\GGTileSet.h">
      <Filter>Header Files</Filter>
    </ClInclude>
    <ClInclude Include="include\gamegear\LoadedROM.h">
      <Filter>Header Files</Filter>
    </ClInclude>
    <ClInclude Include="include\gamegear\TileReference.h">
      <Filter>Header Files</Filter>
    </ClInclude>
    <ClInclude Include="include\gamegear\VirtualVDP.h">
      <Filter>Header Files</Filter>
    </ClInclude>
    <ClInclude Include="include\gamegear\WritableROM.h">
      <Filter>Header Files</Filter>
    </ClInclude>
    <ClInclude Include="include\libs\png.h">
      <Filter>Header Files</Filter>
    </ClInclude>
    <ClInclude Include="include\libs\pngconf.h">
      <Filter>Header Files</Filter>
    </ClInclude>
    <ClInclude Include="include\libs\pngdebug.h">
      <Filter>Header Files</Filter>
    </ClInclude>
    <ClInclude Include="include\libs\pnginfo.h">
      <Filter>Header Files</Filter>
    </ClInclude>
    <ClInclude Include="include\libs\pnglibconf.h">
      <Filter>Header Files</Filter>
    </ClInclude>
    <ClInclude Include="include\libs\pngpriv.h">
      <Filter>Header Files</Filter>
    </ClInclude>
    <ClInclude Include="include\libs\pngstruct.h">
      <Filter>Header Files</Filter>
    </ClInclude>
    <ClInclude Include="include\nes\NesColor.h">
      <Filter>Header Files</Filter>
    </ClInclude>
    <ClInclude Include="include\nes\NesColorData.h">
      <Filter>Header Files</Filter>
    </ClInclude>
    <ClInclude Include="include\nes\NesPalette.h">
      <Filter>Header Files</Filter>
    </ClInclude>
    <ClInclude Include="include\nes\NesPaletteQuad.h">
      <Filter>Header Files</Filter>
    </ClInclude>
    <ClInclude Include="include\nes\NesPatternTable.h">
      <Filter>Header Files</Filter>
    </ClInclude>
    <ClInclude Include="include\nes\NesRom.h">
      <Filter>Header Files</Filter>
    </ClInclude>
    <ClInclude Include="include\nes\NesTile.h">
      <Filter>Header Files</Filter>
    </ClInclude>
    <ClInclude Include="include\nes\UxRomBanking.h">
      <Filter>Header Files</Filter>
    </ClInclude>
    <ClInclude Include="include\structs\AddressTableReader.h">
      <Filter>Header Files</Filter>
    </ClInclude>
    <ClInclude Include="include\structs\BitmapGraphicSceneObject.h">
      <Filter>Header Files</Filter>
    </ClInclude>
    <ClInclude Include="include\structs\Box.h">
      <Filter>Header Files</Filter>
    </ClInclude>
    <ClInclude Include="include\structs\BoxGraphicSceneObject.h">
      <Filter>Header Files</Filter>
    </ClInclude>
    <ClInclude Include="include\structs\ConstSizeVector.h">
      <Filter>Header Files</Filter>
    </ClInclude>
    <ClInclude Include="include\structs\DataChunkID.h">
      <Filter>Header Files</Filter>
    </ClInclude>
    <ClInclude Include="include\structs\DisplayAreaManager.h">
      <Filter>Header Files</Filter>
    </ClInclude>
    <ClInclude Include="include\structs\FreeSpaceListing.h">
      <Filter>Header Files</Filter>
    </ClInclude>
    <ClInclude Include="include\structs\FreeSpaceListPair.h">
      <Filter>Header Files</Filter>
    </ClInclude>
    <ClInclude Include="include\structs\GenericGraphicSceneLayer.h">
      <Filter>Header Files</Filter>
    </ClInclude>
    <ClInclude Include="include\structs\GenericGraphicSceneObject.h">
      <Filter>Header Files</Filter>
    </ClInclude>
    <ClInclude Include="include\structs\Graphic.h">
      <Filter>Header Files</Filter>
    </ClInclude>
    <ClInclude Include="include\structs\GraphicDependencyGroup.h">
      <Filter>Header Files</Filter>
    </ClInclude>
    <ClInclude Include="include\structs\GraphicDependencyGroupEntry.h">
      <Filter>Header Files</Filter>
    </ClInclude>
    <ClInclude Include="include\structs\GraphicIdentifier.h">
      <Filter>Header Files</Filter>
    </ClInclude>
    <ClInclude Include="include\structs\GraphicSceneLayer.h">
      <Filter>Header Files</Filter>
    </ClInclude>
    <ClInclude Include="include\structs\GridGraphicSceneLayer.h">
      <Filter>Header Files</Filter>
    </ClInclude>
    <ClInclude Include="include\structs\IndexToAddressMap.h">
      <Filter>Header Files</Filter>
    </ClInclude>
    <ClInclude Include="include\structs\InputEventData.h">
      <Filter>Header Files</Filter>
    </ClInclude>
    <ClInclude Include="include\structs\KeyedAddressTableBuilder.h">
      <Filter>Header Files</Filter>
    </ClInclude>
    <ClInclude Include="include\structs\KeyedTableBuilder.h">
      <Filter>Header Files</Filter>
    </ClInclude>
    <ClInclude Include="include\structs\LayeredGraphicScene.h">
      <Filter>Header Files</Filter>
    </ClInclude>
    <ClInclude Include="include\structs\LevelWidth.h">
      <Filter>Header Files</Filter>
    </ClInclude>
    <ClInclude Include="include\structs\LoadHelper.h">
      <Filter>Header Files</Filter>
    </ClInclude>
    <ClInclude Include="include\structs\PngConversion.h">
      <Filter>Header Files</Filter>
    </ClInclude>
    <ClInclude Include="include\structs\RawFreeSpacePair.h">
      <Filter>Header Files</Filter>
    </ClInclude>
    <ClInclude Include="include\structs\SaveHelper.h">
      <Filter>Header Files</Filter>
    </ClInclude>
    <ClInclude Include="include\structs\Taddress.h">
      <Filter>Header Files</Filter>
    </ClInclude>
    <ClInclude Include="include\structs\Tarray.h">
      <Filter>Header Files</Filter>
    </ClInclude>
    <ClInclude Include="include\structs\Tbyte.h">
      <Filter>Header Files</Filter>
    </ClInclude>
    <ClInclude Include="include\structs\Tcolor.h">
      <Filter>Header Files</Filter>
    </ClInclude>
    <ClInclude Include="include\structs\Tmap.h">
      <Filter>Header Files</Filter>
    </ClInclude>
    <ClInclude Include="include\structs\Tpair.h">
      <Filter>Header Files</Filter>
    </ClInclude>
    <ClInclude Include="include\structs\TpointerArray.h">
      <Filter>Header Files</Filter>
    </ClInclude>
    <ClInclude Include="include\structs\TpointerVector.h">
      <Filter>Header Files</Filter>
    </ClInclude>
    <ClInclude Include="include\structs\TransModel.h">
      <Filter>Header Files</Filter>
    </ClInclude>
    <ClInclude Include="include\structs\Tstring.h">
      <Filter>Header Files</Filter>
    </ClInclude>
    <ClInclude Include="include\structs\Tvector.h">
      <Filter>Header Files</Filter>
    </ClInclude>
    <ClInclude Include="include\structs\TwoDArray.h">
      <Filter>Header Files</Filter>
    </ClInclude>
    <ClInclude Include="include\structs\TwoDByteArray.h">
      <Filter>Header Files</Filter>
    </ClInclude>
    <ClInclude Include="include\structs\TwoKeyedAddress.h">
      <Filter>Header Files</Filter>
    </ClInclude>
    <ClInclude Include="include\structs\TwoKeyedData.h">
      <Filter>Header Files</Filter>
    </ClInclude>
    <ClInclude Include="include\structs\WrapScrollGraphic.h">
      <Filter>Header Files</Filter>
    </ClInclude>
    <ClInclude Include="include\util\ArrayOps.h">
      <Filter>Header Files</Filter>
    </ClInclude>
    <ClInclude Include="include\util\ByteConversion.h">
      <Filter>Header Files</Filter>
    </ClInclude>
    <ClInclude Include="include\util\ByteSizes.h">
      <Filter>Header Files</Filter>
    </ClInclude>
    <ClInclude Include="include\util\CoordinatePair.h">
      <Filter>Header Files</Filter>
    </ClInclude>
    <ClInclude Include="include\util\DumbPointer.h">
      <Filter>Header Files</Filter>
    </ClInclude>
    <ClInclude Include="include\util\EndiannessType.h">
      <Filter>Header Files</Filter>
    </ClInclude>
    <ClInclude Include="include\util\FileManip.h">
      <Filter>Header Files</Filter>
    </ClInclude>
    <ClInclude Include="include\util\GenericException.h">
      <Filter>Header Files</Filter>
    </ClInclude>
    <ClInclude Include="include\util\IniFile.h">
      <Filter>Header Files</Filter>
    </ClInclude>
    <ClInclude Include="include\util\MiscMath.h">
      <Filter>Header Files</Filter>
    </ClInclude>
    <ClInclude Include="include\util\RLE8Command.h">
      <Filter>Header Files</Filter>
    </ClInclude>
    <ClInclude Include="include\util\RLE8CommandCollection.h">
      <Filter>Header Files</Filter>
    </ClInclude>
    <ClInclude Include="include\util\RLE8CommandType.h">
      <Filter>Header Files</Filter>
    </ClInclude>
    <ClInclude Include="include\util\RLE8Compressor.h">
      <Filter>Header Files</Filter>
    </ClInclude>
    <ClInclude Include="include\util\RLE8ValueCollection.h">
      <Filter>Header Files</Filter>
    </ClInclude>
    <ClInclude Include="include\util\SignednessType.h">
      <Filter>Header Files</Filter>
    </ClInclude>
    <ClInclude Include="include\util\StreamOps.h">
      <Filter>Header Files</Filter>
    </ClInclude>
    <ClInclude Include="include\util\StringConversion.h">
      <Filter>Header Files</Filter>
    </ClInclude>
    <ClInclude Include="include\editor\lonelyeditordata.h">
      <Filter>Header Files</Filter>
    </ClInclude>
    <ClInclude Include="include\editor\lonelymetatilepickerscene.h">
      <Filter>Header Files</Filter>
    </ClInclude>
    <ClInclude Include="include\editor\lonelymetatilepickerscenefunctor.h">
      <Filter>Header Files</Filter>
    </ClInclude>
    <ClInclude Include="include\editor\lonelymetatileview.h">
      <Filter>Header Files</Filter>
    </ClInclude>
    <ClInclude Include="include\editor\LonelyObjectRenderer.h">
      <Filter>Header Files</Filter>
    </ClInclude>
    <ClInclude Include="include\editor\lonelyobjectview.h">
      <Filter>Header Files</Filter>
    </ClInclude>
    <ClInclude Include="include\editor\lonelypalettepickerscene.h">
      <Filter>Header Files</Filter>
    </ClInclude>
    <ClInclude Include="include\editor\LonelyPalettePickerSceneFunctor.h">
      <Filter>Header Files</Filter>
    </ClInclude>
    <ClInclude Include="include\editor\lonelypaletteview.h">
      <Filter>Header Files</Filter>
    </ClInclude>
    <ClInclude Include="include\editor\lonelypatterneditingscene.h">
      <Filter>Header Files</Filter>
    </ClInclude>
    <ClInclude Include="include\editor\lonelypatternview.h">
      <Filter>Header Files</Filter>
    </ClInclude>
    <ClInclude Include="include\editor\lonelyresistanceview.h">
      <Filter>Header Files</Filter>
    </ClInclude>
    <ClInclude Include="include\editor\lonelysubtilepickerscene.h">
      <Filter>Header Files</Filter>
    </ClInclude>
    <ClInclude Include="include\editor\lonelytilepickerscene.h">
      <Filter>Header Files</Filter>
    </ClInclude>
    <ClInclude Include="include\editor\metatileviewtype.h">
      <Filter>Header Files</Filter>
    </ClInclude>
    <ClInclude Include="include\editor\nescolorpickerscene.h">
      <Filter>Header Files</Filter>
    </ClInclude>
    <ClInclude Include="include\gamedata\laylaobjectset.h">
      <Filter>Header Files</Filter>
    </ClInclude>
    <ClInclude Include="include\gamedata\LaylaSoundToken.h">
      <Filter>Header Files</Filter>
    </ClInclude>
    <ClInclude Include="include\gamedata\laylavulnerabilitysettings.h">
      <Filter>Header Files</Filter>
    </ClInclude>
    <ClInclude Include="include\gamedata\LonelySoundChannel.h">
      <Filter>Header Files</Filter>
    </ClInclude>
    <ClInclude Include="include\gamedata\LonelySoundChannelFragment.h">
      <Filter>Header Files</Filter>
    </ClInclude>
    <ClInclude Include="include\structs\cachedgraphic.h">
      <Filter>Header Files</Filter>
    </ClInclude>
    <ClInclude Include="include\structs\indexedpickerscene.h">
      <Filter>Header Files</Filter>
    </ClInclude>
    <ClInclude Include="include\structs\indexedpickerscenefunctor.h">
      <Filter>Header Files</Filter>
    </ClInclude>
    <ClInclude Include="include\structs\standardclonetool.h">
      <Filter>Header Files</Filter>
    </ClInclude>
    <ClInclude Include="include\structs\standardeditingscene.h">
      <Filter>Header Files</Filter>
    </ClInclude>
    <ClInclude Include="include\structs\standardpenciltool.h">
      <Filter>Header Files</Filter>
    </ClInclude>
  </ItemGroup>
  <ItemGroup>
    <ClCompile Include="src\editor\LonelyControlViewManager.cpp">
      <Filter>Source Files</Filter>
    </ClCompile>
    <ClCompile Include="src\editor\LonelyEditor.cpp">
      <Filter>Source Files</Filter>
    </ClCompile>
    <ClCompile Include="src\editor\LonelyLevelEditor.cpp">
      <Filter>Source Files</Filter>
    </ClCompile>
    <ClCompile Include="src\editor\LonelyLevelView.cpp">
      <Filter>Source Files</Filter>
    </ClCompile>
    <ClCompile Include="src\editor\LonelyLevelViewManager.cpp">
      <Filter>Source Files</Filter>
    </ClCompile>
    <ClCompile Include="src\editor\LonelyMetatileCache.cpp">
      <Filter>Source Files</Filter>
    </ClCompile>
    <ClCompile Include="src\editor\LonelyMetatileCacheSet.cpp">
      <Filter>Source Files</Filter>
    </ClCompile>
    <ClCompile Include="src\exception\ColorOutOfRangeException.cpp">
      <Filter>Source Files</Filter>
    </ClCompile>
    <ClCompile Include="src\exception\FileException.cpp">
      <Filter>Source Files</Filter>
    </ClCompile>
    <ClCompile Include="src\exception\FileNotFoundException.cpp">
      <Filter>Source Files</Filter>
    </ClCompile>
    <ClCompile Include="src\exception\InvalidFileException.cpp">
      <Filter>Source Files</Filter>
    </ClCompile>
    <ClCompile Include="src\exception\InvalidLoadDataException.cpp">
      <Filter>Source Files</Filter>
    </ClCompile>
    <ClCompile Include="src\exception\NotEnoughSpaceException.cpp">
      <Filter>Source Files</Filter>
    </ClCompile>
    <ClCompile Include="src\exception\OutOfRangeIndexException.cpp">
      <Filter>Source Files</Filter>
    </ClCompile>
    <ClCompile Include="src\exception\PoppedEmptyStackException.cpp">
      <Filter>Source Files</Filter>
    </ClCompile>
    <ClCompile Include="src\exception\TalesException.cpp">
      <Filter>Source Files</Filter>
    </ClCompile>
    <ClCompile Include="src\exception\TGenericException.cpp">
      <Filter>Source Files</Filter>
    </ClCompile>
    <ClCompile Include="src\exception\TmapKeyNotFoundException.cpp">
      <Filter>Source Files</Filter>
    </ClCompile>
    <ClCompile Include="src\exception\UnrecognizedVersionException.cpp">
      <Filter>Source Files</Filter>
    </ClCompile>
    <ClCompile Include="src\gamedata\LaylaArea.cpp">
      <Filter>Source Files</Filter>
    </ClCompile>
    <ClCompile Include="src\gamedata\LaylaBoss.cpp">
      <Filter>Source Files</Filter>
    </ClCompile>
    <ClCompile Include="src\gamedata\LaylaData.cpp">
      <Filter>Source Files</Filter>
    </ClCompile>
    <ClCompile Include="src\gamedata\LaylaFullPalettePatch.cpp">
      <Filter>Source Files</Filter>
    </ClCompile>
    <ClCompile Include="src\gamedata\LaylaGraphics.cpp">
      <Filter>Source Files</Filter>
    </ClCompile>
    <ClCompile Include="src\gamedata\LaylaHacks.cpp">
      <Filter>Source Files</Filter>
    </ClCompile>
    <ClCompile Include="src\gamedata\LaylaHpArray.cpp">
      <Filter>Source Files</Filter>
    </ClCompile>
    <ClCompile Include="src\gamedata\LaylaLevel.cpp">
      <Filter>Source Files</Filter>
    </ClCompile>
    <ClCompile Include="src\gamedata\LaylaLevelSet.cpp">
      <Filter>Source Files</Filter>
    </ClCompile>
    <ClCompile Include="src\gamedata\LaylaMetatile.cpp">
      <Filter>Source Files</Filter>
    </ClCompile>
    <ClCompile Include="src\gamedata\LaylaMetatileBehavior.cpp">
      <Filter>Source Files</Filter>
    </ClCompile>
    <ClCompile Include="src\gamedata\LaylaMetatileSet.cpp">
      <Filter>Source Files</Filter>
    </ClCompile>
    <ClCompile Include="src\gamedata\LaylaObjectPatternTable.cpp">
      <Filter>Source Files</Filter>
    </ClCompile>
    <ClCompile Include="src\gamedata\LaylaObjectPatternToken.cpp">
      <Filter>Source Files</Filter>
    </ClCompile>
    <ClCompile Include="src\gamedata\LaylaObjectScoreArray.cpp">
      <Filter>Source Files</Filter>
    </ClCompile>
    <ClCompile Include="src\gamedata\LaylaObjectSets.cpp">
      <Filter>Source Files</Filter>
    </ClCompile>
    <ClCompile Include="src\gamedata\LaylaOffsetFile.cpp">
      <Filter>Source Files</Filter>
    </ClCompile>
    <ClCompile Include="src\gamedata\LaylaPalettePatch.cpp">
      <Filter>Source Files</Filter>
    </ClCompile>
    <ClCompile Include="src\gamedata\LaylaPalettes.cpp">
      <Filter>Source Files</Filter>
    </ClCompile>
    <ClCompile Include="src\gamedata\LaylaPattern.cpp">
      <Filter>Source Files</Filter>
    </ClCompile>
    <ClCompile Include="src\gamedata\LaylaPatternDefinitionTable.cpp">
      <Filter>Source Files</Filter>
    </ClCompile>
    <ClCompile Include="src\gamedata\LaylaPatternToken.cpp">
      <Filter>Source Files</Filter>
    </ClCompile>
    <ClCompile Include="src\gamedata\LaylaStaticMetatiles.cpp">
      <Filter>Source Files</Filter>
    </ClCompile>
    <ClCompile Include="src\gamedata\LaylaStaticMetatileSet.cpp">
      <Filter>Source Files</Filter>
    </ClCompile>
    <ClCompile Include="src\gamedata\LaylaVulnerabilityArray.cpp">
      <Filter>Source Files</Filter>
    </ClCompile>
    <ClCompile Include="src\gamedata\LaylaVulnerabilityFlag.cpp">
      <Filter>Source Files</Filter>
    </ClCompile>
    <ClCompile Include="src\gamedata\LonelyLaylaMapping.cpp">
      <Filter>Source Files</Filter>
    </ClCompile>
    <ClCompile Include="src\gamedata\LonelyLaylaMappings.cpp">
      <Filter>Source Files</Filter>
    </ClCompile>
    <ClCompile Include="src\gamedata\LonelyLaylaObject.cpp">
      <Filter>Source Files</Filter>
    </ClCompile>
    <ClCompile Include="src\gamegear\GGColor.cpp">
      <Filter>Source Files</Filter>
    </ClCompile>
    <ClCompile Include="src\gamegear\GGFullTileSet.cpp">
      <Filter>Source Files</Filter>
    </ClCompile>
    <ClCompile Include="src\gamegear\GGPalette.cpp">
      <Filter>Source Files</Filter>
    </ClCompile>
    <ClCompile Include="src\gamegear\GGTile.cpp">
      <Filter>Source Files</Filter>
    </ClCompile>
    <ClCompile Include="src\gamegear\GGTileSet.cpp">
      <Filter>Source Files</Filter>
    </ClCompile>
    <ClCompile Include="src\gamegear\LoadedROM.cpp">
      <Filter>Source Files</Filter>
    </ClCompile>
    <ClCompile Include="src\gamegear\TileReference.cpp">
      <Filter>Source Files</Filter>
    </ClCompile>
    <ClCompile Include="src\gamegear\VirtualVDP.cpp">
      <Filter>Source Files</Filter>
    </ClCompile>
    <ClCompile Include="src\gamegear\WritableROM.cpp">
      <Filter>Source Files</Filter>
    </ClCompile>
    <ClCompile Include="src\libs\png.cpp">
      <Filter>Source Files</Filter>
    </ClCompile>
    <ClCompile Include="src\libs\pngconf.cpp">
      <Filter>Source Files</Filter>
    </ClCompile>
    <ClCompile Include="src\libs\pngdebug.cpp">
      <Filter>Source Files</Filter>
    </ClCompile>
    <ClCompile Include="src\libs\pnginfo.cpp">
      <Filter>Source Files</Filter>
    </ClCompile>
    <ClCompile Include="src\libs\pnglibconf.cpp">
      <Filter>Source Files</Filter>
    </ClCompile>
    <ClCompile Include="src\libs\pngpriv.cpp">
      <Filter>Source Files</Filter>
    </ClCompile>
    <ClCompile Include="src\libs\pngstruct.cpp">
      <Filter>Source Files</Filter>
    </ClCompile>
    <ClCompile Include="src\nes\NesColor.cpp">
      <Filter>Source Files</Filter>
    </ClCompile>
    <ClCompile Include="src\nes\NesColorData.cpp">
      <Filter>Source Files</Filter>
    </ClCompile>
    <ClCompile Include="src\nes\NesPalette.cpp">
      <Filter>Source Files</Filter>
    </ClCompile>
    <ClCompile Include="src\nes\NesPaletteQuad.cpp">
      <Filter>Source Files</Filter>
    </ClCompile>
    <ClCompile Include="src\nes\NesPatternTable.cpp">
      <Filter>Source Files</Filter>
    </ClCompile>
    <ClCompile Include="src\nes\NesRom.cpp">
      <Filter>Source Files</Filter>
    </ClCompile>
    <ClCompile Include="src\nes\NesTile.cpp">
      <Filter>Source Files</Filter>
    </ClCompile>
    <ClCompile Include="src\nes\UxRomBanking.cpp">
      <Filter>Source Files</Filter>
    </ClCompile>
    <ClCompile Include="src\structs\AddressTableReader.cpp">
      <Filter>Source Files</Filter>
    </ClCompile>
    <ClCompile Include="src\structs\BitmapGraphicSceneObject.cpp">
      <Filter>Source Files</Filter>
    </ClCompile>
    <ClCompile Include="src\structs\Box.cpp">
      <Filter>Source Files</Filter>
    </ClCompile>
    <ClCompile Include="src\structs\BoxGraphicSceneObject.cpp">
      <Filter>Source Files</Filter>
    </ClCompile>
    <ClCompile Include="src\structs\ConstSizeVector.cpp">
      <Filter>Source Files</Filter>
    </ClCompile>
    <ClCompile Include="src\structs\DataChunkID.cpp">
      <Filter>Source Files</Filter>
    </ClCompile>
    <ClCompile Include="src\structs\DisplayAreaManager.cpp">
      <Filter>Source Files</Filter>
    </ClCompile>
    <ClCompile Include="src\structs\FreeSpaceListing.cpp">
      <Filter>Source Files</Filter>
    </ClCompile>
    <ClCompile Include="src\structs\FreeSpaceListPair.cpp">
      <Filter>Source Files</Filter>
    </ClCompile>
    <ClCompile Include="src\structs\GenericGraphicSceneLayer.cpp">
      <Filter>Source Files</Filter>
    </ClCompile>
    <ClCompile Include="src\structs\GenericGraphicSceneObject.cpp">
      <Filter>Source Files</Filter>
    </ClCompile>
    <ClCompile Include="src\structs\Graphic.cpp">
      <Filter>Source Files</Filter>
    </ClCompile>
    <ClCompile Include="src\structs\GraphicDependencyGroup.cpp">
      <Filter>Source Files</Filter>
    </ClCompile>
    <ClCompile Include="src\structs\GraphicDependencyGroupEntry.cpp">
      <Filter>Source Files</Filter>
    </ClCompile>
    <ClCompile Include="src\structs\GraphicIdentifier.cpp">
      <Filter>Source Files</Filter>
    </ClCompile>
    <ClCompile Include="src\structs\GraphicSceneLayer.cpp">
      <Filter>Source Files</Filter>
    </ClCompile>
    <ClCompile Include="src\structs\GridGraphicSceneLayer.cpp">
      <Filter>Source Files</Filter>
    </ClCompile>
    <ClCompile Include="src\structs\IndexToAddressMap.cpp">
      <Filter>Source Files</Filter>
    </ClCompile>
    <ClCompile Include="src\structs\InputEventData.cpp">
      <Filter>Source Files</Filter>
    </ClCompile>
    <ClCompile Include="src\structs\KeyedAddressTableBuilder.cpp">
      <Filter>Source Files</Filter>
    </ClCompile>
    <ClCompile Include="src\structs\KeyedTableBuilder.cpp">
      <Filter>Source Files</Filter>
    </ClCompile>
    <ClCompile Include="src\structs\LayeredGraphicScene.cpp">
      <Filter>Source Files</Filter>
    </ClCompile>
    <ClCompile Include="src\structs\LevelWidth.cpp">
      <Filter>Source Files</Filter>
    </ClCompile>
    <ClCompile Include="src\structs\LoadHelper.cpp">
      <Filter>Source Files</Filter>
    </ClCompile>
    <ClCompile Include="src\structs\PngConversion.cpp">
      <Filter>Source Files</Filter>
    </ClCompile>
    <ClCompile Include="src\structs\RawFreeSpacePair.cpp">
      <Filter>Source Files</Filter>
    </ClCompile>
    <ClCompile Include="src\structs\SaveHelper.cpp">
      <Filter>Source Files</Filter>
    </ClCompile>
    <ClCompile Include="src\structs\Taddress.cpp">
      <Filter>Source Files</Filter>
    </ClCompile>
    <ClCompile Include="src\structs\Tarray.cpp">
      <Filter>Source Files</Filter>
    </ClCompile>
    <ClCompile Include="src\structs\Tbyte.cpp">
      <Filter>Source Files</Filter>
    </ClCompile>
    <ClCompile Include="src\structs\Tcolor.cpp">
      <Filter>Source Files</Filter>
    </ClCompile>
    <ClCompile Include="src\structs\Tmap.cpp">
      <Filter>Source Files</Filter>
    </ClCompile>
    <ClCompile Include="src\structs\Tpair.cpp">
      <Filter>Source Files</Filter>
    </ClCompile>
    <ClCompile Include="src\structs\TpointerArray.cpp">
      <Filter>Source Files</Filter>
    </ClCompile>
    <ClCompile Include="src\structs\TpointerVector.cpp">
      <Filter>Source Files</Filter>
    </ClCompile>
    <ClCompile Include="src\structs\TransModel.cpp">
      <Filter>Source Files</Filter>
    </ClCompile>
    <ClCompile Include="src\structs\Tstring.cpp">
      <Filter>Source Files</Filter>
    </ClCompile>
    <ClCompile Include="src\structs\Tvector.cpp">
      <Filter>Source Files</Filter>
    </ClCompile>
    <ClCompile Include="src\structs\TwoDArray.cpp">
      <Filter>Source Files</Filter>
    </ClCompile>
    <ClCompile Include="src\structs\TwoDByteArray.cpp">
      <Filter>Source Files</Filter>
    </ClCompile>
    <ClCompile Include="src\structs\TwoKeyedAddress.cpp">
      <Filter>Source Files</Filter>
    </ClCompile>
    <ClCompile Include="src\structs\TwoKeyedData.cpp">
      <Filter>Source Files</Filter>
    </ClCompile>
    <ClCompile Include="src\structs\WrapScrollGraphic.cpp">
      <Filter>Source Files</Filter>
    </ClCompile>
    <ClCompile Include="src\util\ArrayOps.cpp">
      <Filter>Source Files</Filter>
    </ClCompile>
    <ClCompile Include="src\util\ByteConversion.cpp">
      <Filter>Source Files</Filter>
    </ClCompile>
    <ClCompile Include="src\util\ByteSizes.cpp">
      <Filter>Source Files</Filter>
    </ClCompile>
    <ClCompile Include="src\util\CoordinatePair.cpp">
      <Filter>Source Files</Filter>
    </ClCompile>
    <ClCompile Include="src\util\DumbPointer.cpp">
      <Filter>Source Files</Filter>
    </ClCompile>
    <ClCompile Include="src\util\EndiannessType.cpp">
      <Filter>Source Files</Filter>
    </ClCompile>
    <ClCompile Include="src\util\FileManip.cpp">
      <Filter>Source Files</Filter>
    </ClCompile>
    <ClCompile Include="src\util\GenericException.cpp">
      <Filter>Source Files</Filter>
    </ClCompile>
    <ClCompile Include="src\util\IniFile.cpp">
      <Filter>Source Files</Filter>
    </ClCompile>
    <ClCompile Include="src\util\MiscMath.cpp">
      <Filter>Source Files</Filter>
    </ClCompile>
    <ClCompile Include="src\util\RLE8Command.cpp">
      <Filter>Source Files</Filter>
    </ClCompile>
    <ClCompile Include="src\util\RLE8CommandCollection.cpp">
      <Filter>Source Files</Filter>
    </ClCompile>
    <ClCompile Include="src\util\RLE8CommandType.cpp">
      <Filter>Source Files</Filter>
    </ClCompile>
    <ClCompile Include="src\util\RLE8Compressor.cpp">
      <Filter>Source Files</Filter>
    </ClCompile>
    <ClCompile Include="src\util\RLE8ValueCollection.cpp">
      <Filter>Source Files</Filter>
    </ClCompile>
    <ClCompile Include="src\util\SignednessType.cpp">
      <Filter>Source Files</Filter>
    </ClCompile>
    <ClCompile Include="src\util\StreamOps.cpp">
      <Filter>Source Files</Filter>
    </ClCompile>
    <ClCompile Include="src\util\StringConversion.cpp">
      <Filter>Source Files</Filter>
    </ClCompile>
    <ClCompile Include="src\editor\LonelyEditorData.cpp">
      <Filter>Source Files</Filter>
    </ClCompile>
    <ClCompile Include="src\editor\LonelyMetatilePickerScene.cpp">
      <Filter>Source Files</Filter>
    </ClCompile>
    <ClCompile Include="src\editor\LonelyMetatilePickerSceneFunctor.cpp">
      <Filter>Source Files</Filter>
    </ClCompile>
    <ClCompile Include="src\editor\LonelyMetatileView.cpp">
      <Filter>Source Files</Filter>
    </ClCompile>
    <ClCompile Include="src\editor\LonelyObjectRenderer.cpp">
      <Filter>Source Files</Filter>
    </ClCompile>
    <ClCompile Include="src\editor\LonelyObjectView.cpp">
      <Filter>Source Files</Filter>
    </ClCompile>
    <ClCompile Include="src\editor\LonelyPalettePickerScene.cpp">
      <Filter>Source Files</Filter>
    </ClCompile>
    <ClCompile Include="src\editor\LonelyPalettePickerSceneFunctor.cpp">
      <Filter>Source Files</Filter>
    </ClCompile>
    <ClCompile Include="src\editor\LonelyPaletteView.cpp">
      <Filter>Source Files</Filter>
    </ClCompile>
    <ClCompile Include="src\editor\LonelyPatternEditingScene.cpp">
      <Filter>Source Files</Filter>
    </ClCompile>
    <ClCompile Include="src\editor\LonelyPatternView.cpp">
      <Filter>Source Files</Filter>
    </ClCompile>
    <ClCompile Include="src\editor\LonelyResistanceView.cpp">
      <Filter>Source Files</Filter>
    </ClCompile>
    <ClCompile Include="src\editor\LonelySubtilePickerScene.cpp">
      <Filter>Source Files</Filter>
    </ClCompile>
    <ClCompile Include="src\editor\LonelyTilePickerScene.cpp">
      <Filter>Source Files</Filter>
    </ClCompile>
    <ClCompile Include="src\editor\MetatileViewType.cpp">
      <Filter>Source Files</Filter>
    </ClCompile>
    <ClCompile Include="src\editor\NesColorPickerScene.cpp">
      <Filter>Source Files</Filter>
    </ClCompile>
    <ClCompile Include="src\gamedata\LaylaObjectSet.cpp">
      <Filter>Source Files</Filter>
    </ClCompile>
    <ClCompile Include="src\gamedata\LaylaSoundToken.cpp">
      <Filter>Source Files</Filter>
    </ClCompile>
    <ClCompile Include="src\gamedata\LaylaVulnerabilitySettings.cpp">
      <Filter>Source Files</Filter>
    </ClCompile>
    <ClCompile Include="src\gamedata\LonelySoundChannel.cpp">
      <Filter>Source Files</Filter>
    </ClCompile>
    <ClCompile Include="src\gamedata\LonelySoundChannelFragment.cpp">
      <Filter>Source Files</Filter>
    </ClCompile>
    <ClCompile Include="src\structs\CachedGraphic.cpp">
      <Filter>Source Files</Filter>
    </ClCompile>
    <ClCompile Include="src\structs\IndexedPickerScene.cpp">
      <Filter>Source Files</Filter>
    </ClCompile>
    <ClCompile Include="src\structs\IndexedPickerSceneFunctor.cpp">
      <Filter>Source Files</Filter>
    </ClCompile>
    <ClCompile Include="src\structs\StandardCloneTool.cpp">
      <Filter>Source Files</Filter>
    </ClCompile>
    <ClCompile Include="src\structs\StandardEditingScene.cpp">
      <Filter>Source Files</Filter>
    </ClCompile>
    <ClCompile Include="src\structs\StandardPencilTool.cpp">
      <Filter>Source Files</Filter>
    </ClCompile>
  </ItemGroup>
</Project>